PODS:
  - FBSnapshotTestCase (1.6)
  - Kiwi (2.3.1)
  - PXQuisiteExtensions (0.4)

DEPENDENCIES:
  - FBSnapshotTestCase
  - Kiwi
  - PXQuisiteExtensions (from `../`)

EXTERNAL SOURCES:
  PXQuisiteExtensions:
    :path: ../

SPEC CHECKSUMS:
  FBSnapshotTestCase: 9d5fe43b29ae3a0ed8fc829477971b281038f748
  Kiwi: 73e1400209055ee9c8ba78c6012b6b642d0fb9f7
  PXQuisiteExtensions: 639da538640f71ff23480e5673097c0fc3fd58d7

COCOAPODS: 0.36.0
