PODS:
  - FBSnapshotTestCase (1.5)
  - Kiwi (2.3.1)
  - PXQuisiteExtensions (0.3)

DEPENDENCIES:
  - FBSnapshotTestCase
  - Kiwi
  - PXQuisiteExtensions (from `../`)

EXTERNAL SOURCES:
  PXQuisiteExtensions:
    :path: ../

SPEC CHECKSUMS:
  FBSnapshotTestCase: e2914fbaabccea1dcc773d6a16b1c24540642488
  Kiwi: 73e1400209055ee9c8ba78c6012b6b642d0fb9f7
  PXQuisiteExtensions: 0495b6c674300d972bace06da25cb241bf4f80f3

COCOAPODS: 0.36.0
